// !$*UTF8*$!
{
	archiveVersion = 1;
	classes = {
	};
	objectVersion = 77;
	objects = {

/* Begin PBXContainerItemProxy section */
		78AAC5202D24D655005E9D70 /* PBXContainerItemProxy */ = {
			isa = PBXContainerItemProxy;
			containerPortal = 78AAC5062D24D654005E9D70 /* Project object */;
			proxyType = 1;
			remoteGlobalIDString = 78AAC50D2D24D654005E9D70;
			remoteInfo = "StackOverflow-Clone";
		};
		78AAC52A2D24D655005E9D70 /* PBXContainerItemProxy */ = {
			isa = PBXContainerItemProxy;
			containerPortal = 78AAC5062D24D654005E9D70 /* Project object */;
			proxyType = 1;
			remoteGlobalIDString = 78AAC50D2D24D654005E9D70;
			remoteInfo = "StackOverflow-Clone";
		};
/* End PBXContainerItemProxy section */

/* Begin PBXFileReference section */
		78AAC50E2D24D654005E9D70 /* StackOverflow.app */ = {isa = PBXFileReference; explicitFileType = wrapper.application; includeInIndex = 0; path = StackOverflow.app; sourceTree = BUILT_PRODUCTS_DIR; };
		78AAC51F2D24D655005E9D70 /* StackOverflow-CloneTests.xctest */ = {isa = PBXFileReference; explicitFileType = wrapper.cfbundle; includeInIndex = 0; path = "StackOverflow-CloneTests.xctest"; sourceTree = BUILT_PRODUCTS_DIR; };
		78AAC5292D24D655005E9D70 /* StackOverflow-CloneUITests.xctest */ = {isa = PBXFileReference; explicitFileType = wrapper.cfbundle; includeInIndex = 0; path = "StackOverflow-CloneUITests.xctest"; sourceTree = BUILT_PRODUCTS_DIR; };
/* End PBXFileReference section */

/* Begin PBXFileSystemSynchronizedRootGroup section */
		78AAC5102D24D654005E9D70 /* StackOverflow-Clone */ = {
			isa = PBXFileSystemSynchronizedRootGroup;
			path = "StackOverflow-Clone";
			sourceTree = "<group>";
		};
		78AAC5222D24D655005E9D70 /* StackOverflow-CloneTests */ = {
			isa = PBXFileSystemSynchronizedRootGroup;
			path = "StackOverflow-CloneTests";
			sourceTree = "<group>";
		};
		78AAC52C2D24D655005E9D70 /* StackOverflow-CloneUITests */ = {
			isa = PBXFileSystemSynchronizedRootGroup;
			path = "StackOverflow-CloneUITests";
			sourceTree = "<group>";
		};
/* End PBXFileSystemSynchronizedRootGroup section */

/* Begin PBXFrameworksBuildPhase section */
		78AAC50B2D24D654005E9D70 /* Frameworks */ = {
			isa = PBXFrameworksBuildPhase;
			buildActionMask = 2147483647;
			files = (
			);
			runOnlyForDeploymentPostprocessing = 0;
		};
		78AAC51C2D24D655005E9D70 /* Frameworks */ = {
			isa = PBXFrameworksBuildPhase;
			buildActionMask = 2147483647;
			files = (
			);
			runOnlyForDeploymentPostprocessing = 0;
		};
		78AAC5262D24D655005E9D70 /* Frameworks */ = {
			isa = PBXFrameworksBuildPhase;
			buildActionMask = 2147483647;
			files = (
			);
			runOnlyForDeploymentPostprocessing = 0;
		};
/* End PBXFrameworksBuildPhase section */

/* Begin PBXGroup section */
		78AAC5052D24D654005E9D70 = {
			isa = PBXGroup;
			children = (
				78AAC5102D24D654005E9D70 /* StackOverflow-Clone */,
				78AAC5222D24D655005E9D70 /* StackOverflow-CloneTests */,
				78AAC52C2D24D655005E9D70 /* StackOverflow-CloneUITests */,
				78AAC50F2D24D654005E9D70 /* Products */,
			);
			sourceTree = "<group>";
		};
		78AAC50F2D24D654005E9D70 /* Products */ = {
			isa = PBXGroup;
			children = (
				78AAC50E2D24D654005E9D70 /* StackOverflow.app */,
				78AAC51F2D24D655005E9D70 /* StackOverflow-CloneTests.xctest */,
				78AAC5292D24D655005E9D70 /* StackOverflow-CloneUITests.xctest */,
			);
			name = Products;
			sourceTree = "<group>";
		};
/* End PBXGroup section */

/* Begin PBXNativeTarget section */
		78AAC50D2D24D654005E9D70 /* StackOverflow-Clone */ = {
			isa = PBXNativeTarget;
			buildConfigurationList = 78AAC5332D24D655005E9D70 /* Build configuration list for PBXNativeTarget "StackOverflow-Clone" */;
			buildPhases = (
				78AAC50A2D24D654005E9D70 /* Sources */,
				78AAC50B2D24D654005E9D70 /* Frameworks */,
				78AAC50C2D24D654005E9D70 /* Resources */,
			);
			buildRules = (
			);
			dependencies = (
			);
			fileSystemSynchronizedGroups = (
				78AAC5102D24D654005E9D70 /* StackOverflow-Clone */,
			);
			name = "StackOverflow-Clone";
			packageProductDependencies = (
			);
			productName = "StackOverflow-Clone";
			productReference = 78AAC50E2D24D654005E9D70 /* StackOverflow.app */;
			productType = "com.apple.product-type.application";
		};
		78AAC51E2D24D655005E9D70 /* StackOverflow-CloneTests */ = {
			isa = PBXNativeTarget;
			buildConfigurationList = 78AAC5362D24D655005E9D70 /* Build configuration list for PBXNativeTarget "StackOverflow-CloneTests" */;
			buildPhases = (
				78AAC51B2D24D655005E9D70 /* Sources */,
				78AAC51C2D24D655005E9D70 /* Frameworks */,
				78AAC51D2D24D655005E9D70 /* Resources */,
			);
			buildRules = (
			);
			dependencies = (
				78AAC5212D24D655005E9D70 /* PBXTargetDependency */,
			);
			fileSystemSynchronizedGroups = (
				78AAC5222D24D655005E9D70 /* StackOverflow-CloneTests */,
			);
			name = "StackOverflow-CloneTests";
			packageProductDependencies = (
			);
			productName = "StackOverflow-CloneTests";
			productReference = 78AAC51F2D24D655005E9D70 /* StackOverflow-CloneTests.xctest */;
			productType = "com.apple.product-type.bundle.unit-test";
		};
		78AAC5282D24D655005E9D70 /* StackOverflow-CloneUITests */ = {
			isa = PBXNativeTarget;
			buildConfigurationList = 78AAC5392D24D655005E9D70 /* Build configuration list for PBXNativeTarget "StackOverflow-CloneUITests" */;
			buildPhases = (
				78AAC5252D24D655005E9D70 /* Sources */,
				78AAC5262D24D655005E9D70 /* Frameworks */,
				78AAC5272D24D655005E9D70 /* Resources */,
			);
			buildRules = (
			);
			dependencies = (
				78AAC52B2D24D655005E9D70 /* PBXTargetDependency */,
			);
			fileSystemSynchronizedGroups = (
				78AAC52C2D24D655005E9D70 /* StackOverflow-CloneUITests */,
			);
			name = "StackOverflow-CloneUITests";
			packageProductDependencies = (
			);
			productName = "StackOverflow-CloneUITests";
			productReference = 78AAC5292D24D655005E9D70 /* StackOverflow-CloneUITests.xctest */;
			productType = "com.apple.product-type.bundle.ui-testing";
		};
/* End PBXNativeTarget section */

/* Begin PBXProject section */
		78AAC5062D24D654005E9D70 /* Project object */ = {
			isa = PBXProject;
			attributes = {
				BuildIndependentTargetsInParallel = 1;
				LastSwiftUpdateCheck = 1620;
				LastUpgradeCheck = 1620;
				TargetAttributes = {
					78AAC50D2D24D654005E9D70 = {
						CreatedOnToolsVersion = 16.2;
					};
					78AAC51E2D24D655005E9D70 = {
						CreatedOnToolsVersion = 16.2;
						TestTargetID = 78AAC50D2D24D654005E9D70;
					};
					78AAC5282D24D655005E9D70 = {
						CreatedOnToolsVersion = 16.2;
						TestTargetID = 78AAC50D2D24D654005E9D70;
					};
				};
			};
			buildConfigurationList = 78AAC5092D24D654005E9D70 /* Build configuration list for PBXProject "StackOverflow-Clone" */;
			developmentRegion = en;
			hasScannedForEncodings = 0;
			knownRegions = (
				en,
				Base,
			);
			mainGroup = 78AAC5052D24D654005E9D70;
			minimizedProjectReferenceProxies = 1;
			preferredProjectObjectVersion = 77;
			productRefGroup = 78AAC50F2D24D654005E9D70 /* Products */;
			projectDirPath = "";
			projectRoot = "";
			targets = (
				78AAC50D2D24D654005E9D70 /* StackOverflow-Clone */,
				78AAC51E2D24D655005E9D70 /* StackOverflow-CloneTests */,
				78AAC5282D24D655005E9D70 /* StackOverflow-CloneUITests */,
			);
		};
/* End PBXProject section */

/* Begin PBXResourcesBuildPhase section */
		78AAC50C2D24D654005E9D70 /* Resources */ = {
			isa = PBXResourcesBuildPhase;
			buildActionMask = 2147483647;
			files = (
			);
			runOnlyForDeploymentPostprocessing = 0;
		};
		78AAC51D2D24D655005E9D70 /* Resources */ = {
			isa = PBXResourcesBuildPhase;
			buildActionMask = 2147483647;
			files = (
			);
			runOnlyForDeploymentPostprocessing = 0;
		};
		78AAC5272D24D655005E9D70 /* Resources */ = {
			isa = PBXResourcesBuildPhase;
			buildActionMask = 2147483647;
			files = (
			);
			runOnlyForDeploymentPostprocessing = 0;
		};
/* End PBXResourcesBuildPhase section */

/* Begin PBXSourcesBuildPhase section */
		78AAC50A2D24D654005E9D70 /* Sources */ = {
			isa = PBXSourcesBuildPhase;
			buildActionMask = 2147483647;
			files = (
			);
			runOnlyForDeploymentPostprocessing = 0;
		};
		78AAC51B2D24D655005E9D70 /* Sources */ = {
			isa = PBXSourcesBuildPhase;
			buildActionMask = 2147483647;
			files = (
			);
			runOnlyForDeploymentPostprocessing = 0;
		};
		78AAC5252D24D655005E9D70 /* Sources */ = {
			isa = PBXSourcesBuildPhase;
			buildActionMask = 2147483647;
			files = (
			);
			runOnlyForDeploymentPostprocessing = 0;
		};
/* End PBXSourcesBuildPhase section */

/* Begin PBXTargetDependency section */
		78AAC5212D24D655005E9D70 /* PBXTargetDependency */ = {
			isa = PBXTargetDependency;
			target = 78AAC50D2D24D654005E9D70 /* StackOverflow-Clone */;
			targetProxy = 78AAC5202D24D655005E9D70 /* PBXContainerItemProxy */;
		};
		78AAC52B2D24D655005E9D70 /* PBXTargetDependency */ = {
			isa = PBXTargetDependency;
			target = 78AAC50D2D24D654005E9D70 /* StackOverflow-Clone */;
			targetProxy = 78AAC52A2D24D655005E9D70 /* PBXContainerItemProxy */;
		};
/* End PBXTargetDependency section */

/* Begin XCBuildConfiguration section */
		78AAC5312D24D655005E9D70 /* Debug */ = {
			isa = XCBuildConfiguration;
			buildSettings = {
				ALWAYS_SEARCH_USER_PATHS = NO;
				ASSETCATALOG_COMPILER_GENERATE_SWIFT_ASSET_SYMBOL_EXTENSIONS = YES;
				CLANG_ANALYZER_NONNULL = YES;
				CLANG_ANALYZER_NUMBER_OBJECT_CONVERSION = YES_AGGRESSIVE;
				CLANG_CXX_LANGUAGE_STANDARD = "gnu++20";
				CLANG_ENABLE_MODULES = YES;
				CLANG_ENABLE_OBJC_ARC = YES;
				CLANG_ENABLE_OBJC_WEAK = YES;
				CLANG_WARN_BLOCK_CAPTURE_AUTORELEASING = YES;
				CLANG_WARN_BOOL_CONVERSION = YES;
				CLANG_WARN_COMMA = YES;
				CLANG_WARN_CONSTANT_CONVERSION = YES;
				CLANG_WARN_DEPRECATED_OBJC_IMPLEMENTATIONS = YES;
				CLANG_WARN_DIRECT_OBJC_ISA_USAGE = YES_ERROR;
				CLANG_WARN_DOCUMENTATION_COMMENTS = YES;
				CLANG_WARN_EMPTY_BODY = YES;
				CLANG_WARN_ENUM_CONVERSION = YES;
				CLANG_WARN_INFINITE_RECURSION = YES;
				CLANG_WARN_INT_CONVERSION = YES;
				CLANG_WARN_NON_LITERAL_NULL_CONVERSION = YES;
				CLANG_WARN_OBJC_IMPLICIT_RETAIN_SELF = YES;
				CLANG_WARN_OBJC_LITERAL_CONVERSION = YES;
				CLANG_WARN_OBJC_ROOT_CLASS = YES_ERROR;
				CLANG_WARN_QUOTED_INCLUDE_IN_FRAMEWORK_HEADER = YES;
				CLANG_WARN_RANGE_LOOP_ANALYSIS = YES;
				CLANG_WARN_STRICT_PROTOTYPES = YES;
				CLANG_WARN_SUSPICIOUS_MOVE = YES;
				CLANG_WARN_UNGUARDED_AVAILABILITY = YES_AGGRESSIVE;
				CLANG_WARN_UNREACHABLE_CODE = YES;
				CLANG_WARN__DUPLICATE_METHOD_MATCH = YES;
				COPY_PHASE_STRIP = NO;
				DEBUG_INFORMATION_FORMAT = dwarf;
				ENABLE_STRICT_OBJC_MSGSEND = YES;
				ENABLE_TESTABILITY = YES;
				ENABLE_USER_SCRIPT_SANDBOXING = YES;
				GCC_C_LANGUAGE_STANDARD = gnu17;
				GCC_DYNAMIC_NO_PIC = NO;
				GCC_NO_COMMON_BLOCKS = YES;
				GCC_OPTIMIZATION_LEVEL = 0;
				GCC_PREPROCESSOR_DEFINITIONS = (
					"DEBUG=1",
					"$(inherited)",
				);
				GCC_WARN_64_TO_32_BIT_CONVERSION = YES;
				GCC_WARN_ABOUT_RETURN_TYPE = YES_ERROR;
				GCC_WARN_UNDECLARED_SELECTOR = YES;
				GCC_WARN_UNINITIALIZED_AUTOS = YES_AGGRESSIVE;
				GCC_WARN_UNUSED_FUNCTION = YES;
				GCC_WARN_UNUSED_VARIABLE = YES;
				LOCALIZATION_PREFERS_STRING_CATALOGS = YES;
				MACOSX_DEPLOYMENT_TARGET = 15.2;
				MTL_ENABLE_DEBUG_INFO = INCLUDE_SOURCE;
				MTL_FAST_MATH = YES;
				ONLY_ACTIVE_ARCH = YES;
				SDKROOT = macosx;
				SWIFT_ACTIVE_COMPILATION_CONDITIONS = "DEBUG $(inherited)";
				SWIFT_OPTIMIZATION_LEVEL = "-Onone";
			};
			name = Debug;
		};
		78AAC5322D24D655005E9D70 /* Release */ = {
			isa = XCBuildConfiguration;
			buildSettings = {
				ALWAYS_SEARCH_USER_PATHS = NO;
				ASSETCATALOG_COMPILER_GENERATE_SWIFT_ASSET_SYMBOL_EXTENSIONS = YES;
				CLANG_ANALYZER_NONNULL = YES;
				CLANG_ANALYZER_NUMBER_OBJECT_CONVERSION = YES_AGGRESSIVE;
				CLANG_CXX_LANGUAGE_STANDARD = "gnu++20";
				CLANG_ENABLE_MODULES = YES;
				CLANG_ENABLE_OBJC_ARC = YES;
				CLANG_ENABLE_OBJC_WEAK = YES;
				CLANG_WARN_BLOCK_CAPTURE_AUTORELEASING = YES;
				CLANG_WARN_BOOL_CONVERSION = YES;
				CLANG_WARN_COMMA = YES;
				CLANG_WARN_CONSTANT_CONVERSION = YES;
				CLANG_WARN_DEPRECATED_OBJC_IMPLEMENTATIONS = YES;
				CLANG_WARN_DIRECT_OBJC_ISA_USAGE = YES_ERROR;
				CLANG_WARN_DOCUMENTATION_COMMENTS = YES;
				CLANG_WARN_EMPTY_BODY = YES;
				CLANG_WARN_ENUM_CONVERSION = YES;
				CLANG_WARN_INFINITE_RECURSION = YES;
				CLANG_WARN_INT_CONVERSION = YES;
				CLANG_WARN_NON_LITERAL_NULL_CONVERSION = YES;
				CLANG_WARN_OBJC_IMPLICIT_RETAIN_SELF = YES;
				CLANG_WARN_OBJC_LITERAL_CONVERSION = YES;
				CLANG_WARN_OBJC_ROOT_CLASS = YES_ERROR;
				CLANG_WARN_QUOTED_INCLUDE_IN_FRAMEWORK_HEADER = YES;
				CLANG_WARN_RANGE_LOOP_ANALYSIS = YES;
				CLANG_WARN_STRICT_PROTOTYPES = YES;
				CLANG_WARN_SUSPICIOUS_MOVE = YES;
				CLANG_WARN_UNGUARDED_AVAILABILITY = YES_AGGRESSIVE;
				CLANG_WARN_UNREACHABLE_CODE = YES;
				CLANG_WARN__DUPLICATE_METHOD_MATCH = YES;
				COPY_PHASE_STRIP = NO;
				DEBUG_INFORMATION_FORMAT = "dwarf-with-dsym";
				ENABLE_NS_ASSERTIONS = NO;
				ENABLE_STRICT_OBJC_MSGSEND = YES;
				ENABLE_USER_SCRIPT_SANDBOXING = YES;
				GCC_C_LANGUAGE_STANDARD = gnu17;
				GCC_NO_COMMON_BLOCKS = YES;
				GCC_WARN_64_TO_32_BIT_CONVERSION = YES;
				GCC_WARN_ABOUT_RETURN_TYPE = YES_ERROR;
				GCC_WARN_UNDECLARED_SELECTOR = YES;
				GCC_WARN_UNINITIALIZED_AUTOS = YES_AGGRESSIVE;
				GCC_WARN_UNUSED_FUNCTION = YES;
				GCC_WARN_UNUSED_VARIABLE = YES;
				LOCALIZATION_PREFERS_STRING_CATALOGS = YES;
				MACOSX_DEPLOYMENT_TARGET = 15.2;
				MTL_ENABLE_DEBUG_INFO = NO;
				MTL_FAST_MATH = YES;
				SDKROOT = macosx;
				SWIFT_COMPILATION_MODE = wholemodule;
			};
			name = Release;
		};
		78AAC5342D24D655005E9D70 /* Debug */ = {
			isa = XCBuildConfiguration;
			buildSettings = {
				ASSETCATALOG_COMPILER_APPICON_NAME = AppIcon;
				ASSETCATALOG_COMPILER_GLOBAL_ACCENT_COLOR_NAME = AccentColor;
				CODE_SIGN_ENTITLEMENTS = "StackOverflow-Clone/StackOverflow_Clone.entitlements";
				CODE_SIGN_STYLE = Automatic;
				COMBINE_HIDPI_IMAGES = YES;
				CURRENT_PROJECT_VERSION = 1;
				DEVELOPMENT_ASSET_PATHS = "\"StackOverflow-Clone/Preview Content\"";
				DEVELOPMENT_TEAM = WBAY89X4DW;
				ENABLE_HARDENED_RUNTIME = YES;
				ENABLE_PREVIEWS = YES;
				GENERATE_INFOPLIST_FILE = YES;
				INFOPLIST_KEY_NSHumanReadableCopyright = "";
				LD_RUNPATH_SEARCH_PATHS = (
					"$(inherited)",
					"@executable_path/../Frameworks",
				);
				MARKETING_VERSION = 1.0;
				PRODUCT_BUNDLE_IDENTIFIER = "com.rezamadizadeh.StackOverflow-Clone";
				PRODUCT_NAME = StackOverflow;
				SWIFT_EMIT_LOC_STRINGS = YES;
				SWIFT_VERSION = 5.0;
			};
			name = Debug;
		};
		78AAC5352D24D655005E9D70 /* Release */ = {
			isa = XCBuildConfiguration;
			buildSettings = {
				ASSETCATALOG_COMPILER_APPICON_NAME = AppIcon;
				ASSETCATALOG_COMPILER_GLOBAL_ACCENT_COLOR_NAME = AccentColor;
				CODE_SIGN_ENTITLEMENTS = "StackOverflow-Clone/StackOverflow_Clone.entitlements";
				CODE_SIGN_STYLE = Automatic;
				COMBINE_HIDPI_IMAGES = YES;
				CURRENT_PROJECT_VERSION = 1;
				DEVELOPMENT_ASSET_PATHS = "\"StackOverflow-Clone/Preview Content\"";
				DEVELOPMENT_TEAM = WBAY89X4DW;
				ENABLE_HARDENED_RUNTIME = YES;
				ENABLE_PREVIEWS = YES;
				GENERATE_INFOPLIST_FILE = YES;
				INFOPLIST_KEY_NSHumanReadableCopyright = "";
				LD_RUNPATH_SEARCH_PATHS = (
					"$(inherited)",
					"@executable_path/../Frameworks",
				);
				MARKETING_VERSION = 1.0;
				PRODUCT_BUNDLE_IDENTIFIER = "com.rezamadizadeh.StackOverflow-Clone";
				PRODUCT_NAME = StackOverflow;
				SWIFT_EMIT_LOC_STRINGS = YES;
				SWIFT_VERSION = 5.0;
			};
			name = Release;
		};
		78AAC5372D24D655005E9D70 /* Debug */ = {
			isa = XCBuildConfiguration;
			buildSettings = {
				BUNDLE_LOADER = "$(TEST_HOST)";
				CODE_SIGN_STYLE = Automatic;
				CURRENT_PROJECT_VERSION = 1;
				DEVELOPMENT_TEAM = WBAY89X4DW;
				GENERATE_INFOPLIST_FILE = YES;
				MACOSX_DEPLOYMENT_TARGET = 15.2;
				MARKETING_VERSION = 1.0;
				PRODUCT_BUNDLE_IDENTIFIER = "com.rezamadizadeh.StackOverflow-CloneTests";
				PRODUCT_NAME = "$(TARGET_NAME)";
				SWIFT_EMIT_LOC_STRINGS = NO;
				SWIFT_VERSION = 5.0;
				TEST_HOST = "$(BUILT_PRODUCTS_DIR)/StackOverflow-Clone.app/$(BUNDLE_EXECUTABLE_FOLDER_PATH)/StackOverflow-Clone";
			};
			name = Debug;
		};
		78AAC5382D24D655005E9D70 /* Release */ = {
			isa = XCBuildConfiguration;
			buildSettings = {
				BUNDLE_LOADER = "$(TEST_HOST)";
				CODE_SIGN_STYLE = Automatic;
				CURRENT_PROJECT_VERSION = 1;
				DEVELOPMENT_TEAM = WBAY89X4DW;
				GENERATE_INFOPLIST_FILE = YES;
				MACOSX_DEPLOYMENT_TARGET = 15.2;
				MARKETING_VERSION = 1.0;
				PRODUCT_BUNDLE_IDENTIFIER = "com.rezamadizadeh.StackOverflow-CloneTests";
				PRODUCT_NAME = "$(TARGET_NAME)";
				SWIFT_EMIT_LOC_STRINGS = NO;
				SWIFT_VERSION = 5.0;
				TEST_HOST = "$(BUILT_PRODUCTS_DIR)/StackOverflow-Clone.app/$(BUNDLE_EXECUTABLE_FOLDER_PATH)/StackOverflow-Clone";
			};
			name = Release;
		};
		78AAC53A2D24D655005E9D70 /* Debug */ = {
			isa = XCBuildConfiguration;
			buildSettings = {
				CODE_SIGN_STYLE = Automatic;
				CURRENT_PROJECT_VERSION = 1;
				DEVELOPMENT_TEAM = WBAY89X4DW;
				GENERATE_INFOPLIST_FILE = YES;
				MARKETING_VERSION = 1.0;
				PRODUCT_BUNDLE_IDENTIFIER = "com.rezamadizadeh.StackOverflow-CloneUITests";
				PRODUCT_NAME = "$(TARGET_NAME)";
				SWIFT_EMIT_LOC_STRINGS = NO;
				SWIFT_VERSION = 5.0;
				TEST_TARGET_NAME = "StackOverflow-Clone";
			};
			name = Debug;
		};
		78AAC53B2D24D655005E9D70 /* Release */ = {
			isa = XCBuildConfiguration;
			buildSettings = {
				CODE_SIGN_STYLE = Automatic;
				CURRENT_PROJECT_VERSION = 1;
				DEVELOPMENT_TEAM = WBAY89X4DW;
				GENERATE_INFOPLIST_FILE = YES;
				MARKETING_VERSION = 1.0;
				PRODUCT_BUNDLE_IDENTIFIER = "com.rezamadizadeh.StackOverflow-CloneUITests";
				PRODUCT_NAME = "$(TARGET_NAME)";
				SWIFT_EMIT_LOC_STRINGS = NO;
				SWIFT_VERSION = 5.0;
				TEST_TARGET_NAME = "StackOverflow-Clone";
			};
			name = Release;
		};
/* End XCBuildConfiguration section */

/* Begin XCConfigurationList section */
		78AAC5092D24D654005E9D70 /* Build configuration list for PBXProject "StackOverflow-Clone" */ = {
			isa = XCConfigurationList;
			buildConfigurations = (
				78AAC5312D24D655005E9D70 /* Debug */,
				78AAC5322D24D655005E9D70 /* Release */,
			);
			defaultConfigurationIsVisible = 0;
			defaultConfigurationName = Release;
		};
		78AAC5332D24D655005E9D70 /* Build configuration list for PBXNativeTarget "StackOverflow-Clone" */ = {
			isa = XCConfigurationList;
			buildConfigurations = (
				78AAC5342D24D655005E9D70 /* Debug */,
				78AAC5352D24D655005E9D70 /* Release */,
			);
			defaultConfigurationIsVisible = 0;
			defaultConfigurationName = Release;
		};
		78AAC5362D24D655005E9D70 /* Build configuration list for PBXNativeTarget "StackOverflow-CloneTests" */ = {
			isa = XCConfigurationList;
			buildConfigurations = (
				78AAC5372D24D655005E9D70 /* Debug */,
				78AAC5382D24D655005E9D70 /* Release */,
			);
			defaultConfigurationIsVisible = 0;
			defaultConfigurationName = Release;
		};
		78AAC5392D24D655005E9D70 /* Build configuration list for PBXNativeTarget "StackOverflow-CloneUITests" */ = {
			isa = XCConfigurationList;
			buildConfigurations = (
				78AAC53A2D24D655005E9D70 /* Debug */,
				78AAC53B2D24D655005E9D70 /* Release */,
			);
			defaultConfigurationIsVisible = 0;
			defaultConfigurationName = Release;
		};
/* End XCConfigurationList section */
	};
	rootObject = 78AAC5062D24D654005E9D70 /* Project object */;
}
